
Microsoft Visual Studio Solution File, Format Version 12.00
# Visual Studio Version 16
VisualStudioVersion = 16.0.30523.141
MinimumVisualStudioVersion = 10.0.40219.1
Project("{FAE04EC0-301F-11D3-BF4B-00C04F79EFBC}") = "Void Method", "Void Method\Void Method.csproj", "{6FA47457-1B42-4C6B-9BEA-040FA28696ED}"
EndProject
Global
	GlobalSection(SolutionConfigurationPlatforms) = preSolution
		Debug|Any CPU = Debug|Any CPU
		Release|Any CPU = Release|Any CPU
	EndGlobalSection
	GlobalSection(ProjectConfigurationPlatforms) = postSolution
		{6FA47457-1B42-4C6B-9BEA-040FA28696ED}.Debug|Any CPU.ActiveCfg = Debug|Any CPU
		{6FA47457-1B42-4C6B-9BEA-040FA28696ED}.Debug|Any CPU.Build.0 = Debug|Any CPU
		{6FA47457-1B42-4C6B-9BEA-040FA28696ED}.Release|Any CPU.ActiveCfg = Release|Any CPU
		{6FA47457-1B42-4C6B-9BEA-040FA28696ED}.Release|Any CPU.Build.0 = Release|Any CPU
	EndGlobalSection
	GlobalSection(SolutionProperties) = preSolution
		HideSolutionNode = FALSE
	EndGlobalSection
	GlobalSection(ExtensibilityGlobals) = postSolution
		SolutionGuid = {F282BC0E-95E8-4A92-9C6B-16229A79CC56}
	EndGlobalSection
EndGlobal
