
Microsoft Visual Studio Solution File, Format Version 12.00
# Visual Studio Version 16
VisualStudioVersion = 16.0.30523.141
MinimumVisualStudioVersion = 10.0.40219.1
Project("{FAE04EC0-301F-11D3-BF4B-00C04F79EFBC}") = "Datatypes Int, Float and Double", "Datatypes Int, Float and Double\Datatypes Int, Float and Double.csproj", "{C4FF5A21-DDF0-4D64-9FF0-5AE40A4040AF}"
EndProject
Global
	GlobalSection(SolutionConfigurationPlatforms) = preSolution
		Debug|Any CPU = Debug|Any CPU
		Release|Any CPU = Release|Any CPU
	EndGlobalSection
	GlobalSection(ProjectConfigurationPlatforms) = postSolution
		{C4FF5A21-DDF0-4D64-9FF0-5AE40A4040AF}.Debug|Any CPU.ActiveCfg = Debug|Any CPU
		{C4FF5A21-DDF0-4D64-9FF0-5AE40A4040AF}.Debug|Any CPU.Build.0 = Debug|Any CPU
		{C4FF5A21-DDF0-4D64-9FF0-5AE40A4040AF}.Release|Any CPU.ActiveCfg = Release|Any CPU
		{C4FF5A21-DDF0-4D64-9FF0-5AE40A4040AF}.Release|Any CPU.Build.0 = Release|Any CPU
	EndGlobalSection
	GlobalSection(SolutionProperties) = preSolution
		HideSolutionNode = FALSE
	EndGlobalSection
	GlobalSection(ExtensibilityGlobals) = postSolution
		SolutionGuid = {15F54592-379F-4790-977C-701A78BA1A75}
	EndGlobalSection
EndGlobal
